
Microsoft Visual Studio Solution File, Format Version 12.00
# Visual Studio Version 16
VisualStudioVersion = 16.0.31005.135
MinimumVisualStudioVersion = 10.0.40219.1
Project("{FAE04EC0-301F-11D3-BF4B-00C04F79EFBC}") = "OrkGame", "OrkGame\OrkGame.csproj", "{E8479F01-AE25-4E68-8E32-71EE683A8492}"
EndProject
Project("{FAE04EC0-301F-11D3-BF4B-00C04F79EFBC}") = "OrkEngine3D", "OrkEngine3D\OrkEngine3D.csproj", "{F633841E-65CB-4B0F-9C65-6EE9956DA220}"
EndProject
Global
	GlobalSection(SolutionConfigurationPlatforms) = preSolution
		Debug|Any CPU = Debug|Any CPU
		Release|Any CPU = Release|Any CPU
	EndGlobalSection
	GlobalSection(ProjectConfigurationPlatforms) = postSolution
		{F633841E-65CB-4B0F-9C65-6EE9956DA220}.Debug|Any CPU.ActiveCfg = Debug|Any CPU
		{F633841E-65CB-4B0F-9C65-6EE9956DA220}.Debug|Any CPU.Build.0 = Debug|Any CPU
		{F633841E-65CB-4B0F-9C65-6EE9956DA220}.Release|Any CPU.ActiveCfg = Release|Any CPU
		{F633841E-65CB-4B0F-9C65-6EE9956DA220}.Release|Any CPU.Build.0 = Release|Any CPU
		{E8479F01-AE25-4E68-8E32-71EE683A8492}.Debug|Any CPU.ActiveCfg = Debug|Any CPU
		{E8479F01-AE25-4E68-8E32-71EE683A8492}.Debug|Any CPU.Build.0 = Debug|Any CPU
		{E8479F01-AE25-4E68-8E32-71EE683A8492}.Release|Any CPU.ActiveCfg = Release|Any CPU
		{E8479F01-AE25-4E68-8E32-71EE683A8492}.Release|Any CPU.Build.0 = Release|Any CPU
	EndGlobalSection
	GlobalSection(SolutionProperties) = preSolution
		HideSolutionNode = FALSE
	EndGlobalSection
	GlobalSection(ExtensibilityGlobals) = postSolution
		SolutionGuid = {DB8CC56F-E5D0-49AD-B524-2BC66F5D3FD8}
	EndGlobalSection
EndGlobal
