
Microsoft Visual Studio Solution File, Format Version 12.00
# Visual Studio Version 16
VisualStudioVersion = 16.0.31005.135
MinimumVisualStudioVersion = 10.0.40219.1
Project("{FAE04EC0-301F-11D3-BF4B-00C04F79EFBC}") = "OrkEngine", "OrkEngine\OrkEngine.csproj", "{2A161FBD-6E59-4976-B022-8983ED7C4B26}"
EndProject
Project("{FAE04EC0-301F-11D3-BF4B-00C04F79EFBC}") = "OrkGameTests", "OrkGameTests\OrkGameTests.csproj", "{D409C658-3819-4707-BAE4-240D27A0424F}"
EndProject
Global
	GlobalSection(SolutionConfigurationPlatforms) = preSolution
		Debug|Any CPU = Debug|Any CPU
		Release|Any CPU = Release|Any CPU
	EndGlobalSection
	GlobalSection(ProjectConfigurationPlatforms) = postSolution
		{2A161FBD-6E59-4976-B022-8983ED7C4B26}.Debug|Any CPU.ActiveCfg = Debug|Any CPU
		{2A161FBD-6E59-4976-B022-8983ED7C4B26}.Debug|Any CPU.Build.0 = Debug|Any CPU
		{2A161FBD-6E59-4976-B022-8983ED7C4B26}.Release|Any CPU.ActiveCfg = Release|Any CPU
		{2A161FBD-6E59-4976-B022-8983ED7C4B26}.Release|Any CPU.Build.0 = Release|Any CPU
		{D409C658-3819-4707-BAE4-240D27A0424F}.Debug|Any CPU.ActiveCfg = Debug|Any CPU
		{D409C658-3819-4707-BAE4-240D27A0424F}.Debug|Any CPU.Build.0 = Debug|Any CPU
		{D409C658-3819-4707-BAE4-240D27A0424F}.Release|Any CPU.ActiveCfg = Release|Any CPU
		{D409C658-3819-4707-BAE4-240D27A0424F}.Release|Any CPU.Build.0 = Release|Any CPU
	EndGlobalSection
	GlobalSection(SolutionProperties) = preSolution
		HideSolutionNode = FALSE
	EndGlobalSection
	GlobalSection(ExtensibilityGlobals) = postSolution
		SolutionGuid = {DB8CC56F-E5D0-49AD-B524-2BC66F5D3FD8}
	EndGlobalSection
EndGlobal
