
Microsoft Visual Studio Solution File, Format Version 12.00
# Visual Studio Version 16
VisualStudioVersion = 16.0.31424.327
MinimumVisualStudioVersion = 10.0.40219.1
Project("{9A19103F-16F7-4668-BE54-9A1E7A4F7556}") = "OrkEngine3D", "OrkEngine3D\OrkEngine3D.csproj", "{667F3EBC-144B-445C-98B8-D2885C437921}"
EndProject
Project("{2150E333-8FDC-42A3-9474-1A3956D46DE8}") = "00 - OrkRuntime", "00 - OrkRuntime", "{38B4460E-DD35-4845-95EB-93D07D9D2CC1}"
	ProjectSection(SolutionItems) = preProject
		Others.txt = Others.txt
	EndProjectSection
EndProject
Project("{9A19103F-16F7-4668-BE54-9A1E7A4F7556}") = "OrkEngine3D.Graphics", "OrkEngine3D.Graphics\OrkEngine3D.Graphics.csproj", "{08FAEA51-0D67-4DE6-8645-FD81F5076CE5}"
EndProject
Project("{9A19103F-16F7-4668-BE54-9A1E7A4F7556}") = "OrkEngine3D.Physics", "OrkEngine3D.Physics\OrkEngine3D.Physics.csproj", "{CA34AB58-BAED-4B40-BF2E-A62BA3009DAF}"
EndProject
Project("{2150E333-8FDC-42A3-9474-1A3956D46DE8}") = "10 - OrkCore", "10 - OrkCore", "{A8C5865D-7059-490F-9257-5517658D73A5}"
EndProject
Project("{9A19103F-16F7-4668-BE54-9A1E7A4F7556}") = "OrkEngine3D.Mathematics", "OrkEngine3D.Mathematics\OrkEngine3D.Mathematics.csproj", "{6E28699B-F093-4CB7-A54B-FDCC0FB1E065}"
EndProject
Project("{9A19103F-16F7-4668-BE54-9A1E7A4F7556}") = "OrkEngine3D.Core", "OrkEngine3D.Core\OrkEngine3D.Core.csproj", "{5908C24E-BC54-4FE3-8698-312E3D38E956}"
EndProject
Project("{2150E333-8FDC-42A3-9474-1A3956D46DE8}") = "20 - OrkUtil", "20 - OrkUtil", "{C5E5E9BB-F254-4260-9F14-CD0A9B206CDD}"
EndProject
Project("{9A19103F-16F7-4668-BE54-9A1E7A4F7556}") = "OrkEngine3D.Diagnostics", "OrkEngine3D.Diagnostics\OrkEngine3D.Diagnostics.csproj", "{55DC71FE-322F-4B59-8F8E-F5C14ED2B6F4}"
EndProject
Project("{2150E333-8FDC-42A3-9474-1A3956D46DE8}") = "30 - OrkEditor", "30 - OrkEditor", "{665B67C8-0515-4550-B248-C5D75DCE314B}"
EndProject
Project("{9A19103F-16F7-4668-BE54-9A1E7A4F7556}") = "OrkEngine3D.Editor", "OrkEngine3D.Editor\OrkEngine3D.Editor.csproj", "{2F27DD33-E65F-4AF2-BC7C-B6FA5DC32C92}"
EndProject
Project("{9A19103F-16F7-4668-BE54-9A1E7A4F7556}") = "OrkEngine3D.UI", "OrkEngine3D.UI\OrkEngine3D.UI.csproj", "{44FAB247-A399-4449-8EC5-B80A3FA06901}"
EndProject
Project("{FAE04EC0-301F-11D3-BF4B-00C04F79EFBC}") = "OrkEngine3D.Annotations", "OrkEngine3D.Annotations\OrkEngine3D.Annotations.csproj", "{6580BC72-35F6-4F83-8027-88C870889503}"
EndProject
Global
	GlobalSection(SolutionConfigurationPlatforms) = preSolution
		Debug|Any CPU = Debug|Any CPU
		Release|Any CPU = Release|Any CPU
	EndGlobalSection
	GlobalSection(ProjectConfigurationPlatforms) = postSolution
		{667F3EBC-144B-445C-98B8-D2885C437921}.Debug|Any CPU.ActiveCfg = Debug|Any CPU
		{667F3EBC-144B-445C-98B8-D2885C437921}.Debug|Any CPU.Build.0 = Debug|Any CPU
		{667F3EBC-144B-445C-98B8-D2885C437921}.Release|Any CPU.ActiveCfg = Release|Any CPU
		{667F3EBC-144B-445C-98B8-D2885C437921}.Release|Any CPU.Build.0 = Release|Any CPU
		{08FAEA51-0D67-4DE6-8645-FD81F5076CE5}.Debug|Any CPU.ActiveCfg = Debug|Any CPU
		{08FAEA51-0D67-4DE6-8645-FD81F5076CE5}.Debug|Any CPU.Build.0 = Debug|Any CPU
		{08FAEA51-0D67-4DE6-8645-FD81F5076CE5}.Release|Any CPU.ActiveCfg = Release|Any CPU
		{08FAEA51-0D67-4DE6-8645-FD81F5076CE5}.Release|Any CPU.Build.0 = Release|Any CPU
		{CA34AB58-BAED-4B40-BF2E-A62BA3009DAF}.Debug|Any CPU.ActiveCfg = Debug|Any CPU
		{CA34AB58-BAED-4B40-BF2E-A62BA3009DAF}.Debug|Any CPU.Build.0 = Debug|Any CPU
		{CA34AB58-BAED-4B40-BF2E-A62BA3009DAF}.Release|Any CPU.ActiveCfg = Release|Any CPU
		{CA34AB58-BAED-4B40-BF2E-A62BA3009DAF}.Release|Any CPU.Build.0 = Release|Any CPU
		{6E28699B-F093-4CB7-A54B-FDCC0FB1E065}.Debug|Any CPU.ActiveCfg = Debug|Any CPU
		{6E28699B-F093-4CB7-A54B-FDCC0FB1E065}.Debug|Any CPU.Build.0 = Debug|Any CPU
		{6E28699B-F093-4CB7-A54B-FDCC0FB1E065}.Release|Any CPU.ActiveCfg = Release|Any CPU
		{6E28699B-F093-4CB7-A54B-FDCC0FB1E065}.Release|Any CPU.Build.0 = Release|Any CPU
		{5908C24E-BC54-4FE3-8698-312E3D38E956}.Debug|Any CPU.ActiveCfg = Debug|Any CPU
		{5908C24E-BC54-4FE3-8698-312E3D38E956}.Debug|Any CPU.Build.0 = Debug|Any CPU
		{5908C24E-BC54-4FE3-8698-312E3D38E956}.Release|Any CPU.ActiveCfg = Release|Any CPU
		{5908C24E-BC54-4FE3-8698-312E3D38E956}.Release|Any CPU.Build.0 = Release|Any CPU
		{55DC71FE-322F-4B59-8F8E-F5C14ED2B6F4}.Debug|Any CPU.ActiveCfg = Debug|Any CPU
		{55DC71FE-322F-4B59-8F8E-F5C14ED2B6F4}.Debug|Any CPU.Build.0 = Debug|Any CPU
		{55DC71FE-322F-4B59-8F8E-F5C14ED2B6F4}.Release|Any CPU.ActiveCfg = Release|Any CPU
		{55DC71FE-322F-4B59-8F8E-F5C14ED2B6F4}.Release|Any CPU.Build.0 = Release|Any CPU
		{2F27DD33-E65F-4AF2-BC7C-B6FA5DC32C92}.Debug|Any CPU.ActiveCfg = Debug|Any CPU
		{2F27DD33-E65F-4AF2-BC7C-B6FA5DC32C92}.Debug|Any CPU.Build.0 = Debug|Any CPU
		{2F27DD33-E65F-4AF2-BC7C-B6FA5DC32C92}.Release|Any CPU.ActiveCfg = Release|Any CPU
		{2F27DD33-E65F-4AF2-BC7C-B6FA5DC32C92}.Release|Any CPU.Build.0 = Release|Any CPU
		{44FAB247-A399-4449-8EC5-B80A3FA06901}.Debug|Any CPU.ActiveCfg = Debug|Any CPU
		{44FAB247-A399-4449-8EC5-B80A3FA06901}.Debug|Any CPU.Build.0 = Debug|Any CPU
		{44FAB247-A399-4449-8EC5-B80A3FA06901}.Release|Any CPU.ActiveCfg = Release|Any CPU
		{44FAB247-A399-4449-8EC5-B80A3FA06901}.Release|Any CPU.Build.0 = Release|Any CPU
		{6580BC72-35F6-4F83-8027-88C870889503}.Debug|Any CPU.ActiveCfg = Debug|Any CPU
		{6580BC72-35F6-4F83-8027-88C870889503}.Debug|Any CPU.Build.0 = Debug|Any CPU
		{6580BC72-35F6-4F83-8027-88C870889503}.Release|Any CPU.ActiveCfg = Release|Any CPU
		{6580BC72-35F6-4F83-8027-88C870889503}.Release|Any CPU.Build.0 = Release|Any CPU
	EndGlobalSection
	GlobalSection(SolutionProperties) = preSolution
		HideSolutionNode = FALSE
	EndGlobalSection
	GlobalSection(NestedProjects) = preSolution
		{667F3EBC-144B-445C-98B8-D2885C437921} = {38B4460E-DD35-4845-95EB-93D07D9D2CC1}
		{08FAEA51-0D67-4DE6-8645-FD81F5076CE5} = {38B4460E-DD35-4845-95EB-93D07D9D2CC1}
		{CA34AB58-BAED-4B40-BF2E-A62BA3009DAF} = {38B4460E-DD35-4845-95EB-93D07D9D2CC1}
		{6E28699B-F093-4CB7-A54B-FDCC0FB1E065} = {A8C5865D-7059-490F-9257-5517658D73A5}
		{5908C24E-BC54-4FE3-8698-312E3D38E956} = {A8C5865D-7059-490F-9257-5517658D73A5}
		{55DC71FE-322F-4B59-8F8E-F5C14ED2B6F4} = {C5E5E9BB-F254-4260-9F14-CD0A9B206CDD}
		{2F27DD33-E65F-4AF2-BC7C-B6FA5DC32C92} = {665B67C8-0515-4550-B248-C5D75DCE314B}
		{44FAB247-A399-4449-8EC5-B80A3FA06901} = {38B4460E-DD35-4845-95EB-93D07D9D2CC1}
		{6580BC72-35F6-4F83-8027-88C870889503} = {C5E5E9BB-F254-4260-9F14-CD0A9B206CDD}
	EndGlobalSection
	GlobalSection(ExtensibilityGlobals) = postSolution
		SolutionGuid = {16ECB4E9-6035-405C-BE9A-CD3CCF3B196C}
	EndGlobalSection
EndGlobal
