
Microsoft Visual Studio Solution File, Format Version 12.00
# Visual Studio Version 17
VisualStudioVersion = 17.1.32328.378
MinimumVisualStudioVersion = 10.0.40219.1
Project("{2150E333-8FDC-42A3-9474-1A3956D46DE8}") = "00 - OrkRuntime", "00 - OrkRuntime", "{38B4460E-DD35-4845-95EB-93D07D9D2CC1}"
	ProjectSection(SolutionItems) = preProject
		Others.txt = Others.txt
	EndProjectSection
EndProject
Project("{9A19103F-16F7-4668-BE54-9A1E7A4F7556}") = "OrkEngine3D.Graphics", "OrkEngine3D.Graphics\OrkEngine3D.Graphics.csproj", "{08FAEA51-0D67-4DE6-8645-FD81F5076CE5}"
EndProject
Project("{9A19103F-16F7-4668-BE54-9A1E7A4F7556}") = "OrkEngine3D.Physics", "OrkEngine3D.Physics\OrkEngine3D.Physics.csproj", "{CA34AB58-BAED-4B40-BF2E-A62BA3009DAF}"
EndProject
Project("{2150E333-8FDC-42A3-9474-1A3956D46DE8}") = "10 - OrkCore", "10 - OrkCore", "{A8C5865D-7059-490F-9257-5517658D73A5}"
EndProject
Project("{9A19103F-16F7-4668-BE54-9A1E7A4F7556}") = "OrkEngine3D.Core", "OrkEngine3D.Core\OrkEngine3D.Core.csproj", "{5908C24E-BC54-4FE3-8698-312E3D38E956}"
EndProject
Project("{2150E333-8FDC-42A3-9474-1A3956D46DE8}") = "20 - OrkUtil", "20 - OrkUtil", "{C5E5E9BB-F254-4260-9F14-CD0A9B206CDD}"
EndProject
Project("{9A19103F-16F7-4668-BE54-9A1E7A4F7556}") = "OrkEngine3D.Diagnostics", "OrkEngine3D.Diagnostics\OrkEngine3D.Diagnostics.csproj", "{55DC71FE-322F-4B59-8F8E-F5C14ED2B6F4}"
EndProject
Project("{9A19103F-16F7-4668-BE54-9A1E7A4F7556}") = "OrkEngine3D.Annotations", "OrkEngine3D.Annotations\OrkEngine3D.Annotations.csproj", "{6580BC72-35F6-4F83-8027-88C870889503}"
EndProject
Project("{2150E333-8FDC-42A3-9474-1A3956D46DE8}") = "40 - OrkTests", "40 - OrkTests", "{A2D7C7B8-4887-41F1-BE4C-AD11AB520927}"
EndProject
Project("{9A19103F-16F7-4668-BE54-9A1E7A4F7556}") = "OrkEngine3D.Graphics.Tests", "OrkEngine3D.Graphics.Tests\OrkEngine3D.Graphics.Tests.csproj", "{9F59CCE7-3C32-4172-AB61-BFFD0DCA5C77}"
EndProject
Project("{9A19103F-16F7-4668-BE54-9A1E7A4F7556}") = "OrkEngine3D.Components.Tests", "OrkEngine3D.Components.Tests\OrkEngine3D.Components.Tests.csproj", "{71698B8A-B88F-4D3D-A150-1A3F44CBE238}"
EndProject
Project("{9A19103F-16F7-4668-BE54-9A1E7A4F7556}") = "OrkEngine3D.Networking", "OrkEngine3D.Networking\OrkEngine3D.Networking.csproj", "{31B833DE-039D-49CA-B3FB-090C105326D8}"
EndProject
Project("{9A19103F-16F7-4668-BE54-9A1E7A4F7556}") = "OrkEngine3D.Networking.Tests", "OrkEngine3D.Networking.Tests\OrkEngine3D.Networking.Tests.csproj", "{EF010B2A-47B9-471C-8426-4FC35B264907}"
EndProject
Project("{2150E333-8FDC-42A3-9474-1A3956D46DE8}") = "21 - Resources", "21 - Resources", "{154AC43D-C222-4434-8621-A02EB9644183}"
EndProject
Project("{9A19103F-16F7-4668-BE54-9A1E7A4F7556}") = "OrkEngine3D.Resources", "OrkEngine3D.Resources\OrkEngine3D.Resources.csproj", "{FCEF3A2C-78A2-45FD-9E58-1298309176D6}"
EndProject
Project("{9A19103F-16F7-4668-BE54-9A1E7A4F7556}") = "OrkEngine3D.Resources.Tests", "OrkEngine3D.Resources.Tests\OrkEngine3D.Resources.Tests.csproj", "{8FA43F24-BA6B-41DE-94B5-5DE61BD1F08D}"
EndProject
Project("{2150E333-8FDC-42A3-9474-1A3956D46DE8}") = "50 - Vendor", "50 - Vendor", "{F6D938D0-E901-4CB4-9F85-6833BB2A1D2C}"
EndProject
Project("{9A19103F-16F7-4668-BE54-9A1E7A4F7556}") = "OrkEngine3D.BEPU", "vendor\OrkEngine3D.BEPU\source\OrkEngine3D.BEPU\OrkEngine3D.BEPU.csproj", "{52A2EA64-CE6A-4C85-8B27-AB47A479CCA9}"
EndProject
Project("{9A19103F-16F7-4668-BE54-9A1E7A4F7556}") = "OrkEngine3D.BEPUtil", "vendor\OrkEngine3D.BEPU\source\OrkEngine3D.BEPUtil\OrkEngine3D.BEPUtil.csproj", "{713E256A-5577-4838-B095-113FFF76C410}"
EndProject
Project("{9A19103F-16F7-4668-BE54-9A1E7A4F7556}") = "OrkEngine3D.Mathematics", "vendor\OrkEngine3D.Mathematics\source\OrkEngine3D.Mathematics\OrkEngine3D.Mathematics.csproj", "{9987727C-526F-4753-892C-0E4FB611F6BF}"
EndProject
Project("{9A19103F-16F7-4668-BE54-9A1E7A4F7556}") = "OrkEngine3D", "OrkEngine3D\OrkEngine3D.csproj", "{ABC7A7E2-D47F-4B11-AE0B-5F9916BED2E2}"
EndProject
Project("{2150E333-8FDC-42A3-9474-1A3956D46DE8}") = "45 - Pipeline", "45 - Pipeline", "{E576ABD0-35B1-4536-A9E6-523AAF9676C1}"
EndProject
Global
	GlobalSection(SolutionConfigurationPlatforms) = preSolution
		Debug|Any CPU = Debug|Any CPU
		Release|Any CPU = Release|Any CPU
		ReleaseNoProfiling|Any CPU = ReleaseNoProfiling|Any CPU
	EndGlobalSection
	GlobalSection(ProjectConfigurationPlatforms) = postSolution
		{08FAEA51-0D67-4DE6-8645-FD81F5076CE5}.Debug|Any CPU.ActiveCfg = Debug|Any CPU
		{08FAEA51-0D67-4DE6-8645-FD81F5076CE5}.Debug|Any CPU.Build.0 = Debug|Any CPU
		{08FAEA51-0D67-4DE6-8645-FD81F5076CE5}.Release|Any CPU.ActiveCfg = Release|Any CPU
		{08FAEA51-0D67-4DE6-8645-FD81F5076CE5}.Release|Any CPU.Build.0 = Release|Any CPU
		{08FAEA51-0D67-4DE6-8645-FD81F5076CE5}.ReleaseNoProfiling|Any CPU.ActiveCfg = Release|Any CPU
		{08FAEA51-0D67-4DE6-8645-FD81F5076CE5}.ReleaseNoProfiling|Any CPU.Build.0 = Release|Any CPU
		{CA34AB58-BAED-4B40-BF2E-A62BA3009DAF}.Debug|Any CPU.ActiveCfg = Debug|Any CPU
		{CA34AB58-BAED-4B40-BF2E-A62BA3009DAF}.Debug|Any CPU.Build.0 = Debug|Any CPU
		{CA34AB58-BAED-4B40-BF2E-A62BA3009DAF}.Release|Any CPU.ActiveCfg = Release|Any CPU
		{CA34AB58-BAED-4B40-BF2E-A62BA3009DAF}.Release|Any CPU.Build.0 = Release|Any CPU
		{CA34AB58-BAED-4B40-BF2E-A62BA3009DAF}.ReleaseNoProfiling|Any CPU.ActiveCfg = Release|Any CPU
		{CA34AB58-BAED-4B40-BF2E-A62BA3009DAF}.ReleaseNoProfiling|Any CPU.Build.0 = Release|Any CPU
		{5908C24E-BC54-4FE3-8698-312E3D38E956}.Debug|Any CPU.ActiveCfg = Debug|Any CPU
		{5908C24E-BC54-4FE3-8698-312E3D38E956}.Debug|Any CPU.Build.0 = Debug|Any CPU
		{5908C24E-BC54-4FE3-8698-312E3D38E956}.Release|Any CPU.ActiveCfg = Release|Any CPU
		{5908C24E-BC54-4FE3-8698-312E3D38E956}.Release|Any CPU.Build.0 = Release|Any CPU
		{5908C24E-BC54-4FE3-8698-312E3D38E956}.ReleaseNoProfiling|Any CPU.ActiveCfg = Release|Any CPU
		{5908C24E-BC54-4FE3-8698-312E3D38E956}.ReleaseNoProfiling|Any CPU.Build.0 = Release|Any CPU
		{55DC71FE-322F-4B59-8F8E-F5C14ED2B6F4}.Debug|Any CPU.ActiveCfg = Debug|Any CPU
		{55DC71FE-322F-4B59-8F8E-F5C14ED2B6F4}.Debug|Any CPU.Build.0 = Debug|Any CPU
		{55DC71FE-322F-4B59-8F8E-F5C14ED2B6F4}.Release|Any CPU.ActiveCfg = Release|Any CPU
		{55DC71FE-322F-4B59-8F8E-F5C14ED2B6F4}.Release|Any CPU.Build.0 = Release|Any CPU
		{55DC71FE-322F-4B59-8F8E-F5C14ED2B6F4}.ReleaseNoProfiling|Any CPU.ActiveCfg = Release|Any CPU
		{55DC71FE-322F-4B59-8F8E-F5C14ED2B6F4}.ReleaseNoProfiling|Any CPU.Build.0 = Release|Any CPU
		{6580BC72-35F6-4F83-8027-88C870889503}.Debug|Any CPU.ActiveCfg = Debug|Any CPU
		{6580BC72-35F6-4F83-8027-88C870889503}.Debug|Any CPU.Build.0 = Debug|Any CPU
		{6580BC72-35F6-4F83-8027-88C870889503}.Release|Any CPU.ActiveCfg = Release|Any CPU
		{6580BC72-35F6-4F83-8027-88C870889503}.Release|Any CPU.Build.0 = Release|Any CPU
		{6580BC72-35F6-4F83-8027-88C870889503}.ReleaseNoProfiling|Any CPU.ActiveCfg = Release|Any CPU
		{6580BC72-35F6-4F83-8027-88C870889503}.ReleaseNoProfiling|Any CPU.Build.0 = Release|Any CPU
		{9F59CCE7-3C32-4172-AB61-BFFD0DCA5C77}.Debug|Any CPU.ActiveCfg = Debug|Any CPU
		{9F59CCE7-3C32-4172-AB61-BFFD0DCA5C77}.Debug|Any CPU.Build.0 = Debug|Any CPU
		{9F59CCE7-3C32-4172-AB61-BFFD0DCA5C77}.Release|Any CPU.ActiveCfg = Release|Any CPU
		{9F59CCE7-3C32-4172-AB61-BFFD0DCA5C77}.Release|Any CPU.Build.0 = Release|Any CPU
		{9F59CCE7-3C32-4172-AB61-BFFD0DCA5C77}.ReleaseNoProfiling|Any CPU.ActiveCfg = Release|Any CPU
		{9F59CCE7-3C32-4172-AB61-BFFD0DCA5C77}.ReleaseNoProfiling|Any CPU.Build.0 = Release|Any CPU
		{71698B8A-B88F-4D3D-A150-1A3F44CBE238}.Debug|Any CPU.ActiveCfg = Debug|Any CPU
		{71698B8A-B88F-4D3D-A150-1A3F44CBE238}.Debug|Any CPU.Build.0 = Debug|Any CPU
		{71698B8A-B88F-4D3D-A150-1A3F44CBE238}.Release|Any CPU.ActiveCfg = Release|Any CPU
		{71698B8A-B88F-4D3D-A150-1A3F44CBE238}.Release|Any CPU.Build.0 = Release|Any CPU
		{71698B8A-B88F-4D3D-A150-1A3F44CBE238}.ReleaseNoProfiling|Any CPU.ActiveCfg = Release|Any CPU
		{71698B8A-B88F-4D3D-A150-1A3F44CBE238}.ReleaseNoProfiling|Any CPU.Build.0 = Release|Any CPU
		{31B833DE-039D-49CA-B3FB-090C105326D8}.Debug|Any CPU.ActiveCfg = Debug|Any CPU
		{31B833DE-039D-49CA-B3FB-090C105326D8}.Debug|Any CPU.Build.0 = Debug|Any CPU
		{31B833DE-039D-49CA-B3FB-090C105326D8}.Release|Any CPU.ActiveCfg = Release|Any CPU
		{31B833DE-039D-49CA-B3FB-090C105326D8}.Release|Any CPU.Build.0 = Release|Any CPU
		{31B833DE-039D-49CA-B3FB-090C105326D8}.ReleaseNoProfiling|Any CPU.ActiveCfg = Release|Any CPU
		{31B833DE-039D-49CA-B3FB-090C105326D8}.ReleaseNoProfiling|Any CPU.Build.0 = Release|Any CPU
		{EF010B2A-47B9-471C-8426-4FC35B264907}.Debug|Any CPU.ActiveCfg = Debug|Any CPU
		{EF010B2A-47B9-471C-8426-4FC35B264907}.Debug|Any CPU.Build.0 = Debug|Any CPU
		{EF010B2A-47B9-471C-8426-4FC35B264907}.Release|Any CPU.ActiveCfg = Release|Any CPU
		{EF010B2A-47B9-471C-8426-4FC35B264907}.Release|Any CPU.Build.0 = Release|Any CPU
		{EF010B2A-47B9-471C-8426-4FC35B264907}.ReleaseNoProfiling|Any CPU.ActiveCfg = Release|Any CPU
		{EF010B2A-47B9-471C-8426-4FC35B264907}.ReleaseNoProfiling|Any CPU.Build.0 = Release|Any CPU
		{FCEF3A2C-78A2-45FD-9E58-1298309176D6}.Debug|Any CPU.ActiveCfg = Debug|Any CPU
		{FCEF3A2C-78A2-45FD-9E58-1298309176D6}.Debug|Any CPU.Build.0 = Debug|Any CPU
		{FCEF3A2C-78A2-45FD-9E58-1298309176D6}.Release|Any CPU.ActiveCfg = Release|Any CPU
		{FCEF3A2C-78A2-45FD-9E58-1298309176D6}.Release|Any CPU.Build.0 = Release|Any CPU
		{FCEF3A2C-78A2-45FD-9E58-1298309176D6}.ReleaseNoProfiling|Any CPU.ActiveCfg = Debug|Any CPU
		{FCEF3A2C-78A2-45FD-9E58-1298309176D6}.ReleaseNoProfiling|Any CPU.Build.0 = Debug|Any CPU
		{8FA43F24-BA6B-41DE-94B5-5DE61BD1F08D}.Debug|Any CPU.ActiveCfg = Debug|Any CPU
		{8FA43F24-BA6B-41DE-94B5-5DE61BD1F08D}.Debug|Any CPU.Build.0 = Debug|Any CPU
		{8FA43F24-BA6B-41DE-94B5-5DE61BD1F08D}.Release|Any CPU.ActiveCfg = Release|Any CPU
		{8FA43F24-BA6B-41DE-94B5-5DE61BD1F08D}.Release|Any CPU.Build.0 = Release|Any CPU
		{8FA43F24-BA6B-41DE-94B5-5DE61BD1F08D}.ReleaseNoProfiling|Any CPU.ActiveCfg = Debug|Any CPU
		{8FA43F24-BA6B-41DE-94B5-5DE61BD1F08D}.ReleaseNoProfiling|Any CPU.Build.0 = Debug|Any CPU
		{52A2EA64-CE6A-4C85-8B27-AB47A479CCA9}.Debug|Any CPU.ActiveCfg = Debug|Any CPU
		{52A2EA64-CE6A-4C85-8B27-AB47A479CCA9}.Debug|Any CPU.Build.0 = Debug|Any CPU
		{52A2EA64-CE6A-4C85-8B27-AB47A479CCA9}.Release|Any CPU.ActiveCfg = Release|Any CPU
		{52A2EA64-CE6A-4C85-8B27-AB47A479CCA9}.Release|Any CPU.Build.0 = Release|Any CPU
		{52A2EA64-CE6A-4C85-8B27-AB47A479CCA9}.ReleaseNoProfiling|Any CPU.ActiveCfg = Release|Any CPU
		{52A2EA64-CE6A-4C85-8B27-AB47A479CCA9}.ReleaseNoProfiling|Any CPU.Build.0 = Release|Any CPU
		{713E256A-5577-4838-B095-113FFF76C410}.Debug|Any CPU.ActiveCfg = Debug|Any CPU
		{713E256A-5577-4838-B095-113FFF76C410}.Debug|Any CPU.Build.0 = Debug|Any CPU
		{713E256A-5577-4838-B095-113FFF76C410}.Release|Any CPU.ActiveCfg = Release|Any CPU
		{713E256A-5577-4838-B095-113FFF76C410}.Release|Any CPU.Build.0 = Release|Any CPU
		{713E256A-5577-4838-B095-113FFF76C410}.ReleaseNoProfiling|Any CPU.ActiveCfg = Release|Any CPU
		{713E256A-5577-4838-B095-113FFF76C410}.ReleaseNoProfiling|Any CPU.Build.0 = Release|Any CPU
		{9987727C-526F-4753-892C-0E4FB611F6BF}.Debug|Any CPU.ActiveCfg = Debug|Any CPU
		{9987727C-526F-4753-892C-0E4FB611F6BF}.Debug|Any CPU.Build.0 = Debug|Any CPU
		{9987727C-526F-4753-892C-0E4FB611F6BF}.Release|Any CPU.ActiveCfg = Release|Any CPU
		{9987727C-526F-4753-892C-0E4FB611F6BF}.Release|Any CPU.Build.0 = Release|Any CPU
		{9987727C-526F-4753-892C-0E4FB611F6BF}.ReleaseNoProfiling|Any CPU.ActiveCfg = Release|Any CPU
		{9987727C-526F-4753-892C-0E4FB611F6BF}.ReleaseNoProfiling|Any CPU.Build.0 = Release|Any CPU
		{ABC7A7E2-D47F-4B11-AE0B-5F9916BED2E2}.Debug|Any CPU.ActiveCfg = Debug|Any CPU
		{ABC7A7E2-D47F-4B11-AE0B-5F9916BED2E2}.Debug|Any CPU.Build.0 = Debug|Any CPU
		{ABC7A7E2-D47F-4B11-AE0B-5F9916BED2E2}.Release|Any CPU.ActiveCfg = Release|Any CPU
		{ABC7A7E2-D47F-4B11-AE0B-5F9916BED2E2}.Release|Any CPU.Build.0 = Release|Any CPU
		{ABC7A7E2-D47F-4B11-AE0B-5F9916BED2E2}.ReleaseNoProfiling|Any CPU.ActiveCfg = Release|Any CPU
		{ABC7A7E2-D47F-4B11-AE0B-5F9916BED2E2}.ReleaseNoProfiling|Any CPU.Build.0 = Release|Any CPU
	EndGlobalSection
	GlobalSection(SolutionProperties) = preSolution
		HideSolutionNode = FALSE
	EndGlobalSection
	GlobalSection(NestedProjects) = preSolution
		{08FAEA51-0D67-4DE6-8645-FD81F5076CE5} = {38B4460E-DD35-4845-95EB-93D07D9D2CC1}
		{CA34AB58-BAED-4B40-BF2E-A62BA3009DAF} = {38B4460E-DD35-4845-95EB-93D07D9D2CC1}
		{5908C24E-BC54-4FE3-8698-312E3D38E956} = {A8C5865D-7059-490F-9257-5517658D73A5}
		{55DC71FE-322F-4B59-8F8E-F5C14ED2B6F4} = {C5E5E9BB-F254-4260-9F14-CD0A9B206CDD}
		{6580BC72-35F6-4F83-8027-88C870889503} = {C5E5E9BB-F254-4260-9F14-CD0A9B206CDD}
		{9F59CCE7-3C32-4172-AB61-BFFD0DCA5C77} = {A2D7C7B8-4887-41F1-BE4C-AD11AB520927}
		{71698B8A-B88F-4D3D-A150-1A3F44CBE238} = {A2D7C7B8-4887-41F1-BE4C-AD11AB520927}
		{31B833DE-039D-49CA-B3FB-090C105326D8} = {A8C5865D-7059-490F-9257-5517658D73A5}
		{EF010B2A-47B9-471C-8426-4FC35B264907} = {A2D7C7B8-4887-41F1-BE4C-AD11AB520927}
		{154AC43D-C222-4434-8621-A02EB9644183} = {C5E5E9BB-F254-4260-9F14-CD0A9B206CDD}
		{FCEF3A2C-78A2-45FD-9E58-1298309176D6} = {154AC43D-C222-4434-8621-A02EB9644183}
		{8FA43F24-BA6B-41DE-94B5-5DE61BD1F08D} = {A2D7C7B8-4887-41F1-BE4C-AD11AB520927}
		{52A2EA64-CE6A-4C85-8B27-AB47A479CCA9} = {F6D938D0-E901-4CB4-9F85-6833BB2A1D2C}
		{713E256A-5577-4838-B095-113FFF76C410} = {F6D938D0-E901-4CB4-9F85-6833BB2A1D2C}
		{9987727C-526F-4753-892C-0E4FB611F6BF} = {F6D938D0-E901-4CB4-9F85-6833BB2A1D2C}
		{ABC7A7E2-D47F-4B11-AE0B-5F9916BED2E2} = {38B4460E-DD35-4845-95EB-93D07D9D2CC1}
	EndGlobalSection
	GlobalSection(ExtensibilityGlobals) = postSolution
		SolutionGuid = {16ECB4E9-6035-405C-BE9A-CD3CCF3B196C}
	EndGlobalSection
EndGlobal
