
Microsoft Visual Studio Solution File, Format Version 12.00
# Visual Studio Version 17
VisualStudioVersion = 17.1.32328.378
MinimumVisualStudioVersion = 10.0.40219.1
Project("{9A19103F-16F7-4668-BE54-9A1E7A4F7556}") = "OrkEngine3D", "OrkEngine3D\OrkEngine3D.csproj", "{667F3EBC-144B-445C-98B8-D2885C437921}"
EndProject
Project("{2150E333-8FDC-42A3-9474-1A3956D46DE8}") = "00 - OrkRuntime", "00 - OrkRuntime", "{38B4460E-DD35-4845-95EB-93D07D9D2CC1}"
	ProjectSection(SolutionItems) = preProject
		Others.txt = Others.txt
	EndProjectSection
EndProject
Project("{9A19103F-16F7-4668-BE54-9A1E7A4F7556}") = "OrkEngine3D.Graphics", "OrkEngine3D.Graphics\OrkEngine3D.Graphics.csproj", "{08FAEA51-0D67-4DE6-8645-FD81F5076CE5}"
EndProject
Project("{9A19103F-16F7-4668-BE54-9A1E7A4F7556}") = "OrkEngine3D.Physics", "OrkEngine3D.Physics\OrkEngine3D.Physics.csproj", "{CA34AB58-BAED-4B40-BF2E-A62BA3009DAF}"
EndProject
Project("{2150E333-8FDC-42A3-9474-1A3956D46DE8}") = "10 - OrkCore", "10 - OrkCore", "{A8C5865D-7059-490F-9257-5517658D73A5}"
EndProject
Project("{9A19103F-16F7-4668-BE54-9A1E7A4F7556}") = "OrkEngine3D.Mathematics", "OrkEngine3D.Mathematics\OrkEngine3D.Mathematics.csproj", "{6E28699B-F093-4CB7-A54B-FDCC0FB1E065}"
EndProject
Project("{9A19103F-16F7-4668-BE54-9A1E7A4F7556}") = "OrkEngine3D.Core", "OrkEngine3D.Core\OrkEngine3D.Core.csproj", "{5908C24E-BC54-4FE3-8698-312E3D38E956}"
EndProject
Project("{2150E333-8FDC-42A3-9474-1A3956D46DE8}") = "20 - OrkUtil", "20 - OrkUtil", "{C5E5E9BB-F254-4260-9F14-CD0A9B206CDD}"
EndProject
Project("{9A19103F-16F7-4668-BE54-9A1E7A4F7556}") = "OrkEngine3D.Diagnostics", "OrkEngine3D.Diagnostics\OrkEngine3D.Diagnostics.csproj", "{55DC71FE-322F-4B59-8F8E-F5C14ED2B6F4}"
EndProject
Project("{2150E333-8FDC-42A3-9474-1A3956D46DE8}") = "30 - OrkEditor", "30 - OrkEditor", "{665B67C8-0515-4550-B248-C5D75DCE314B}"
EndProject
Project("{9A19103F-16F7-4668-BE54-9A1E7A4F7556}") = "OrkEngine3D.Editor", "OrkEngine3D.Editor\OrkEngine3D.Editor.csproj", "{2F27DD33-E65F-4AF2-BC7C-B6FA5DC32C92}"
EndProject
Project("{9A19103F-16F7-4668-BE54-9A1E7A4F7556}") = "OrkEngine3D.UI", "OrkEngine3D.UI\OrkEngine3D.UI.csproj", "{44FAB247-A399-4449-8EC5-B80A3FA06901}"
EndProject
Project("{9A19103F-16F7-4668-BE54-9A1E7A4F7556}") = "OrkEngine3D.Annotations", "OrkEngine3D.Annotations\OrkEngine3D.Annotations.csproj", "{6580BC72-35F6-4F83-8027-88C870889503}"
EndProject
Project("{2150E333-8FDC-42A3-9474-1A3956D46DE8}") = "40 - OrkTests", "40 - OrkTests", "{A2D7C7B8-4887-41F1-BE4C-AD11AB520927}"
EndProject
Project("{9A19103F-16F7-4668-BE54-9A1E7A4F7556}") = "OrkEngine3D.Graphics.Tests", "OrkEngine3D.Graphics.Tests\OrkEngine3D.Graphics.Tests.csproj", "{9F59CCE7-3C32-4172-AB61-BFFD0DCA5C77}"
EndProject
Project("{9A19103F-16F7-4668-BE54-9A1E7A4F7556}") = "OrkEngine3D.Components", "OrkEngine3D.Components\OrkEngine3D.Components.csproj", "{EA7743BC-1005-4E28-9464-72442BF9E978}"
EndProject
Project("{9A19103F-16F7-4668-BE54-9A1E7A4F7556}") = "OrkEngine3D.Components.Tests", "OrkEngine3D.Components.Tests\OrkEngine3D.Components.Tests.csproj", "{71698B8A-B88F-4D3D-A150-1A3F44CBE238}"
EndProject
Project("{9A19103F-16F7-4668-BE54-9A1E7A4F7556}") = "OrkEngine3D.Networking", "OrkEngine3D.Networking\OrkEngine3D.Networking.csproj", "{31B833DE-039D-49CA-B3FB-090C105326D8}"
EndProject
Project("{2150E333-8FDC-42A3-9474-1A3956D46DE8}") = "50 - OrkIncludes", "50 - OrkIncludes", "{BD4648D0-CEBC-42C2-AF63-2715B76BC5E5}"
EndProject
Project("{9A19103F-16F7-4668-BE54-9A1E7A4F7556}") = "OrkEngine3D.Scripting.Tests", "OrkEngine3D.Scripting.Tests\OrkEngine3D.Scripting.Tests.csproj", "{2ACE0322-F6C6-4F5D-AF9E-7816936BF6EA}"
EndProject
Project("{9A19103F-16F7-4668-BE54-9A1E7A4F7556}") = "OrkEngine3D.Networking.Tests", "OrkEngine3D.Networking.Tests\OrkEngine3D.Networking.Tests.csproj", "{EF010B2A-47B9-471C-8426-4FC35B264907}"
EndProject
Project("{2150E333-8FDC-42A3-9474-1A3956D46DE8}") = "21 - Resources", "21 - Resources", "{154AC43D-C222-4434-8621-A02EB9644183}"
EndProject
Project("{9A19103F-16F7-4668-BE54-9A1E7A4F7556}") = "OrkEngine3D.Resources", "OrkEngine3D.Resources\OrkEngine3D.Resources.csproj", "{FCEF3A2C-78A2-45FD-9E58-1298309176D6}"
EndProject
Project("{9A19103F-16F7-4668-BE54-9A1E7A4F7556}") = "OrkEngine3D.Resources.Tests", "OrkEngine3D.Resources.Tests\OrkEngine3D.Resources.Tests.csproj", "{8FA43F24-BA6B-41DE-94B5-5DE61BD1F08D}"
EndProject
Project("{9A19103F-16F7-4668-BE54-9A1E7A4F7556}") = "OrkEngine3D.Audio", "OrkEngine.Audio\OrkEngine3D.Audio.csproj", "{07DCA53E-A9EE-4F37-82AB-EF42DE0B7893}"
EndProject
Project("{9A19103F-16F7-4668-BE54-9A1E7A4F7556}") = "OrkEngine3D.BEPU", "OrkEngine3D.BEPU\OrkEngine3D.BEPU.csproj", "{F9AA762A-0A15-4C6A-ADCB-63BDFFD356E7}"
EndProject
Project("{9A19103F-16F7-4668-BE54-9A1E7A4F7556}") = "OrkEngine3D.BEPUtil", "OrkEngine3D.BEPUtil\OrkEngine3D.BEPUtil.csproj", "{F2BF073C-8149-4184-9CB7-780130EC7D0A}"
EndProject
Project("{FAE04EC0-301F-11D3-BF4B-00C04F79EFBC}") = "OrkEngine3D.Common.Utils", "OrkEngine3D.Common.Utils\OrkEngine3D.Common.Utils.csproj", "{05BAB291-435E-4E4E-A855-191484E2235F}"
EndProject
Global
	GlobalSection(SolutionConfigurationPlatforms) = preSolution
		Debug|Any CPU = Debug|Any CPU
		Release|Any CPU = Release|Any CPU
		ReleaseNoProfiling|Any CPU = ReleaseNoProfiling|Any CPU
	EndGlobalSection
	GlobalSection(ProjectConfigurationPlatforms) = postSolution
		{667F3EBC-144B-445C-98B8-D2885C437921}.Debug|Any CPU.ActiveCfg = Debug|Any CPU
		{667F3EBC-144B-445C-98B8-D2885C437921}.Debug|Any CPU.Build.0 = Debug|Any CPU
		{667F3EBC-144B-445C-98B8-D2885C437921}.Release|Any CPU.ActiveCfg = Release|Any CPU
		{667F3EBC-144B-445C-98B8-D2885C437921}.Release|Any CPU.Build.0 = Release|Any CPU
		{667F3EBC-144B-445C-98B8-D2885C437921}.ReleaseNoProfiling|Any CPU.ActiveCfg = Release|Any CPU
		{667F3EBC-144B-445C-98B8-D2885C437921}.ReleaseNoProfiling|Any CPU.Build.0 = Release|Any CPU
		{08FAEA51-0D67-4DE6-8645-FD81F5076CE5}.Debug|Any CPU.ActiveCfg = Debug|Any CPU
		{08FAEA51-0D67-4DE6-8645-FD81F5076CE5}.Debug|Any CPU.Build.0 = Debug|Any CPU
		{08FAEA51-0D67-4DE6-8645-FD81F5076CE5}.Release|Any CPU.ActiveCfg = Release|Any CPU
		{08FAEA51-0D67-4DE6-8645-FD81F5076CE5}.Release|Any CPU.Build.0 = Release|Any CPU
		{08FAEA51-0D67-4DE6-8645-FD81F5076CE5}.ReleaseNoProfiling|Any CPU.ActiveCfg = Release|Any CPU
		{08FAEA51-0D67-4DE6-8645-FD81F5076CE5}.ReleaseNoProfiling|Any CPU.Build.0 = Release|Any CPU
		{CA34AB58-BAED-4B40-BF2E-A62BA3009DAF}.Debug|Any CPU.ActiveCfg = Debug|Any CPU
		{CA34AB58-BAED-4B40-BF2E-A62BA3009DAF}.Debug|Any CPU.Build.0 = Debug|Any CPU
		{CA34AB58-BAED-4B40-BF2E-A62BA3009DAF}.Release|Any CPU.ActiveCfg = Release|Any CPU
		{CA34AB58-BAED-4B40-BF2E-A62BA3009DAF}.Release|Any CPU.Build.0 = Release|Any CPU
		{CA34AB58-BAED-4B40-BF2E-A62BA3009DAF}.ReleaseNoProfiling|Any CPU.ActiveCfg = Release|Any CPU
		{CA34AB58-BAED-4B40-BF2E-A62BA3009DAF}.ReleaseNoProfiling|Any CPU.Build.0 = Release|Any CPU
		{6E28699B-F093-4CB7-A54B-FDCC0FB1E065}.Debug|Any CPU.ActiveCfg = Debug|Any CPU
		{6E28699B-F093-4CB7-A54B-FDCC0FB1E065}.Debug|Any CPU.Build.0 = Debug|Any CPU
		{6E28699B-F093-4CB7-A54B-FDCC0FB1E065}.Release|Any CPU.ActiveCfg = Release|Any CPU
		{6E28699B-F093-4CB7-A54B-FDCC0FB1E065}.Release|Any CPU.Build.0 = Release|Any CPU
		{6E28699B-F093-4CB7-A54B-FDCC0FB1E065}.ReleaseNoProfiling|Any CPU.ActiveCfg = Release|Any CPU
		{6E28699B-F093-4CB7-A54B-FDCC0FB1E065}.ReleaseNoProfiling|Any CPU.Build.0 = Release|Any CPU
		{5908C24E-BC54-4FE3-8698-312E3D38E956}.Debug|Any CPU.ActiveCfg = Debug|Any CPU
		{5908C24E-BC54-4FE3-8698-312E3D38E956}.Debug|Any CPU.Build.0 = Debug|Any CPU
		{5908C24E-BC54-4FE3-8698-312E3D38E956}.Release|Any CPU.ActiveCfg = Release|Any CPU
		{5908C24E-BC54-4FE3-8698-312E3D38E956}.Release|Any CPU.Build.0 = Release|Any CPU
		{5908C24E-BC54-4FE3-8698-312E3D38E956}.ReleaseNoProfiling|Any CPU.ActiveCfg = Release|Any CPU
		{5908C24E-BC54-4FE3-8698-312E3D38E956}.ReleaseNoProfiling|Any CPU.Build.0 = Release|Any CPU
		{55DC71FE-322F-4B59-8F8E-F5C14ED2B6F4}.Debug|Any CPU.ActiveCfg = Debug|Any CPU
		{55DC71FE-322F-4B59-8F8E-F5C14ED2B6F4}.Debug|Any CPU.Build.0 = Debug|Any CPU
		{55DC71FE-322F-4B59-8F8E-F5C14ED2B6F4}.Release|Any CPU.ActiveCfg = Release|Any CPU
		{55DC71FE-322F-4B59-8F8E-F5C14ED2B6F4}.Release|Any CPU.Build.0 = Release|Any CPU
		{55DC71FE-322F-4B59-8F8E-F5C14ED2B6F4}.ReleaseNoProfiling|Any CPU.ActiveCfg = Release|Any CPU
		{55DC71FE-322F-4B59-8F8E-F5C14ED2B6F4}.ReleaseNoProfiling|Any CPU.Build.0 = Release|Any CPU
		{2F27DD33-E65F-4AF2-BC7C-B6FA5DC32C92}.Debug|Any CPU.ActiveCfg = Debug|Any CPU
		{2F27DD33-E65F-4AF2-BC7C-B6FA5DC32C92}.Debug|Any CPU.Build.0 = Debug|Any CPU
		{2F27DD33-E65F-4AF2-BC7C-B6FA5DC32C92}.Release|Any CPU.ActiveCfg = Release|Any CPU
		{2F27DD33-E65F-4AF2-BC7C-B6FA5DC32C92}.Release|Any CPU.Build.0 = Release|Any CPU
		{2F27DD33-E65F-4AF2-BC7C-B6FA5DC32C92}.ReleaseNoProfiling|Any CPU.ActiveCfg = Release|Any CPU
		{2F27DD33-E65F-4AF2-BC7C-B6FA5DC32C92}.ReleaseNoProfiling|Any CPU.Build.0 = Release|Any CPU
		{44FAB247-A399-4449-8EC5-B80A3FA06901}.Debug|Any CPU.ActiveCfg = Debug|Any CPU
		{44FAB247-A399-4449-8EC5-B80A3FA06901}.Debug|Any CPU.Build.0 = Debug|Any CPU
		{44FAB247-A399-4449-8EC5-B80A3FA06901}.Release|Any CPU.ActiveCfg = Release|Any CPU
		{44FAB247-A399-4449-8EC5-B80A3FA06901}.Release|Any CPU.Build.0 = Release|Any CPU
		{44FAB247-A399-4449-8EC5-B80A3FA06901}.ReleaseNoProfiling|Any CPU.ActiveCfg = Release|Any CPU
		{44FAB247-A399-4449-8EC5-B80A3FA06901}.ReleaseNoProfiling|Any CPU.Build.0 = Release|Any CPU
		{6580BC72-35F6-4F83-8027-88C870889503}.Debug|Any CPU.ActiveCfg = Debug|Any CPU
		{6580BC72-35F6-4F83-8027-88C870889503}.Debug|Any CPU.Build.0 = Debug|Any CPU
		{6580BC72-35F6-4F83-8027-88C870889503}.Release|Any CPU.ActiveCfg = Release|Any CPU
		{6580BC72-35F6-4F83-8027-88C870889503}.Release|Any CPU.Build.0 = Release|Any CPU
		{6580BC72-35F6-4F83-8027-88C870889503}.ReleaseNoProfiling|Any CPU.ActiveCfg = Release|Any CPU
		{6580BC72-35F6-4F83-8027-88C870889503}.ReleaseNoProfiling|Any CPU.Build.0 = Release|Any CPU
		{9F59CCE7-3C32-4172-AB61-BFFD0DCA5C77}.Debug|Any CPU.ActiveCfg = Debug|Any CPU
		{9F59CCE7-3C32-4172-AB61-BFFD0DCA5C77}.Debug|Any CPU.Build.0 = Debug|Any CPU
		{9F59CCE7-3C32-4172-AB61-BFFD0DCA5C77}.Release|Any CPU.ActiveCfg = Release|Any CPU
		{9F59CCE7-3C32-4172-AB61-BFFD0DCA5C77}.Release|Any CPU.Build.0 = Release|Any CPU
		{9F59CCE7-3C32-4172-AB61-BFFD0DCA5C77}.ReleaseNoProfiling|Any CPU.ActiveCfg = Release|Any CPU
		{9F59CCE7-3C32-4172-AB61-BFFD0DCA5C77}.ReleaseNoProfiling|Any CPU.Build.0 = Release|Any CPU
		{EA7743BC-1005-4E28-9464-72442BF9E978}.Debug|Any CPU.ActiveCfg = Debug|Any CPU
		{EA7743BC-1005-4E28-9464-72442BF9E978}.Debug|Any CPU.Build.0 = Debug|Any CPU
		{EA7743BC-1005-4E28-9464-72442BF9E978}.Release|Any CPU.ActiveCfg = Release|Any CPU
		{EA7743BC-1005-4E28-9464-72442BF9E978}.Release|Any CPU.Build.0 = Release|Any CPU
		{EA7743BC-1005-4E28-9464-72442BF9E978}.ReleaseNoProfiling|Any CPU.ActiveCfg = Release|Any CPU
		{EA7743BC-1005-4E28-9464-72442BF9E978}.ReleaseNoProfiling|Any CPU.Build.0 = Release|Any CPU
		{71698B8A-B88F-4D3D-A150-1A3F44CBE238}.Debug|Any CPU.ActiveCfg = Debug|Any CPU
		{71698B8A-B88F-4D3D-A150-1A3F44CBE238}.Debug|Any CPU.Build.0 = Debug|Any CPU
		{71698B8A-B88F-4D3D-A150-1A3F44CBE238}.Release|Any CPU.ActiveCfg = Release|Any CPU
		{71698B8A-B88F-4D3D-A150-1A3F44CBE238}.Release|Any CPU.Build.0 = Release|Any CPU
		{71698B8A-B88F-4D3D-A150-1A3F44CBE238}.ReleaseNoProfiling|Any CPU.ActiveCfg = Release|Any CPU
		{71698B8A-B88F-4D3D-A150-1A3F44CBE238}.ReleaseNoProfiling|Any CPU.Build.0 = Release|Any CPU
		{31B833DE-039D-49CA-B3FB-090C105326D8}.Debug|Any CPU.ActiveCfg = Debug|Any CPU
		{31B833DE-039D-49CA-B3FB-090C105326D8}.Debug|Any CPU.Build.0 = Debug|Any CPU
		{31B833DE-039D-49CA-B3FB-090C105326D8}.Release|Any CPU.ActiveCfg = Release|Any CPU
		{31B833DE-039D-49CA-B3FB-090C105326D8}.Release|Any CPU.Build.0 = Release|Any CPU
		{31B833DE-039D-49CA-B3FB-090C105326D8}.ReleaseNoProfiling|Any CPU.ActiveCfg = Release|Any CPU
		{31B833DE-039D-49CA-B3FB-090C105326D8}.ReleaseNoProfiling|Any CPU.Build.0 = Release|Any CPU
		{2ACE0322-F6C6-4F5D-AF9E-7816936BF6EA}.Debug|Any CPU.ActiveCfg = Debug|Any CPU
		{2ACE0322-F6C6-4F5D-AF9E-7816936BF6EA}.Debug|Any CPU.Build.0 = Debug|Any CPU
		{2ACE0322-F6C6-4F5D-AF9E-7816936BF6EA}.Release|Any CPU.ActiveCfg = Release|Any CPU
		{2ACE0322-F6C6-4F5D-AF9E-7816936BF6EA}.Release|Any CPU.Build.0 = Release|Any CPU
		{2ACE0322-F6C6-4F5D-AF9E-7816936BF6EA}.ReleaseNoProfiling|Any CPU.ActiveCfg = Release|Any CPU
		{2ACE0322-F6C6-4F5D-AF9E-7816936BF6EA}.ReleaseNoProfiling|Any CPU.Build.0 = Release|Any CPU
		{EF010B2A-47B9-471C-8426-4FC35B264907}.Debug|Any CPU.ActiveCfg = Debug|Any CPU
		{EF010B2A-47B9-471C-8426-4FC35B264907}.Debug|Any CPU.Build.0 = Debug|Any CPU
		{EF010B2A-47B9-471C-8426-4FC35B264907}.Release|Any CPU.ActiveCfg = Release|Any CPU
		{EF010B2A-47B9-471C-8426-4FC35B264907}.Release|Any CPU.Build.0 = Release|Any CPU
		{EF010B2A-47B9-471C-8426-4FC35B264907}.ReleaseNoProfiling|Any CPU.ActiveCfg = Release|Any CPU
		{EF010B2A-47B9-471C-8426-4FC35B264907}.ReleaseNoProfiling|Any CPU.Build.0 = Release|Any CPU
		{FCEF3A2C-78A2-45FD-9E58-1298309176D6}.Debug|Any CPU.ActiveCfg = Debug|Any CPU
		{FCEF3A2C-78A2-45FD-9E58-1298309176D6}.Debug|Any CPU.Build.0 = Debug|Any CPU
		{FCEF3A2C-78A2-45FD-9E58-1298309176D6}.Release|Any CPU.ActiveCfg = Release|Any CPU
		{FCEF3A2C-78A2-45FD-9E58-1298309176D6}.Release|Any CPU.Build.0 = Release|Any CPU
		{FCEF3A2C-78A2-45FD-9E58-1298309176D6}.ReleaseNoProfiling|Any CPU.ActiveCfg = Debug|Any CPU
		{FCEF3A2C-78A2-45FD-9E58-1298309176D6}.ReleaseNoProfiling|Any CPU.Build.0 = Debug|Any CPU
		{8FA43F24-BA6B-41DE-94B5-5DE61BD1F08D}.Debug|Any CPU.ActiveCfg = Debug|Any CPU
		{8FA43F24-BA6B-41DE-94B5-5DE61BD1F08D}.Debug|Any CPU.Build.0 = Debug|Any CPU
		{8FA43F24-BA6B-41DE-94B5-5DE61BD1F08D}.Release|Any CPU.ActiveCfg = Release|Any CPU
		{8FA43F24-BA6B-41DE-94B5-5DE61BD1F08D}.Release|Any CPU.Build.0 = Release|Any CPU
		{8FA43F24-BA6B-41DE-94B5-5DE61BD1F08D}.ReleaseNoProfiling|Any CPU.ActiveCfg = Debug|Any CPU
		{8FA43F24-BA6B-41DE-94B5-5DE61BD1F08D}.ReleaseNoProfiling|Any CPU.Build.0 = Debug|Any CPU
		{07DCA53E-A9EE-4F37-82AB-EF42DE0B7893}.Debug|Any CPU.ActiveCfg = Debug|Any CPU
		{07DCA53E-A9EE-4F37-82AB-EF42DE0B7893}.Debug|Any CPU.Build.0 = Debug|Any CPU
		{07DCA53E-A9EE-4F37-82AB-EF42DE0B7893}.Release|Any CPU.ActiveCfg = Release|Any CPU
		{07DCA53E-A9EE-4F37-82AB-EF42DE0B7893}.Release|Any CPU.Build.0 = Release|Any CPU
		{07DCA53E-A9EE-4F37-82AB-EF42DE0B7893}.ReleaseNoProfiling|Any CPU.ActiveCfg = Release|Any CPU
		{07DCA53E-A9EE-4F37-82AB-EF42DE0B7893}.ReleaseNoProfiling|Any CPU.Build.0 = Release|Any CPU
		{F9AA762A-0A15-4C6A-ADCB-63BDFFD356E7}.Debug|Any CPU.ActiveCfg = Debug|Any CPU
		{F9AA762A-0A15-4C6A-ADCB-63BDFFD356E7}.Debug|Any CPU.Build.0 = Debug|Any CPU
		{F9AA762A-0A15-4C6A-ADCB-63BDFFD356E7}.Release|Any CPU.ActiveCfg = Release|Any CPU
		{F9AA762A-0A15-4C6A-ADCB-63BDFFD356E7}.Release|Any CPU.Build.0 = Release|Any CPU
		{F9AA762A-0A15-4C6A-ADCB-63BDFFD356E7}.ReleaseNoProfiling|Any CPU.ActiveCfg = Release|Any CPU
		{F9AA762A-0A15-4C6A-ADCB-63BDFFD356E7}.ReleaseNoProfiling|Any CPU.Build.0 = Release|Any CPU
		{F2BF073C-8149-4184-9CB7-780130EC7D0A}.Debug|Any CPU.ActiveCfg = Debug|Any CPU
		{F2BF073C-8149-4184-9CB7-780130EC7D0A}.Debug|Any CPU.Build.0 = Debug|Any CPU
		{F2BF073C-8149-4184-9CB7-780130EC7D0A}.Release|Any CPU.ActiveCfg = Release|Any CPU
		{F2BF073C-8149-4184-9CB7-780130EC7D0A}.Release|Any CPU.Build.0 = Release|Any CPU
		{F2BF073C-8149-4184-9CB7-780130EC7D0A}.ReleaseNoProfiling|Any CPU.ActiveCfg = Release|Any CPU
		{F2BF073C-8149-4184-9CB7-780130EC7D0A}.ReleaseNoProfiling|Any CPU.Build.0 = Release|Any CPU
		{05BAB291-435E-4E4E-A855-191484E2235F}.Debug|Any CPU.ActiveCfg = Debug|Any CPU
		{05BAB291-435E-4E4E-A855-191484E2235F}.Debug|Any CPU.Build.0 = Debug|Any CPU
		{05BAB291-435E-4E4E-A855-191484E2235F}.Release|Any CPU.ActiveCfg = Release|Any CPU
		{05BAB291-435E-4E4E-A855-191484E2235F}.Release|Any CPU.Build.0 = Release|Any CPU
		{05BAB291-435E-4E4E-A855-191484E2235F}.ReleaseNoProfiling|Any CPU.ActiveCfg = Release|Any CPU
		{05BAB291-435E-4E4E-A855-191484E2235F}.ReleaseNoProfiling|Any CPU.Build.0 = Release|Any CPU
	EndGlobalSection
	GlobalSection(SolutionProperties) = preSolution
		HideSolutionNode = FALSE
	EndGlobalSection
	GlobalSection(NestedProjects) = preSolution
		{667F3EBC-144B-445C-98B8-D2885C437921} = {38B4460E-DD35-4845-95EB-93D07D9D2CC1}
		{08FAEA51-0D67-4DE6-8645-FD81F5076CE5} = {38B4460E-DD35-4845-95EB-93D07D9D2CC1}
		{CA34AB58-BAED-4B40-BF2E-A62BA3009DAF} = {38B4460E-DD35-4845-95EB-93D07D9D2CC1}
		{6E28699B-F093-4CB7-A54B-FDCC0FB1E065} = {A8C5865D-7059-490F-9257-5517658D73A5}
		{5908C24E-BC54-4FE3-8698-312E3D38E956} = {A8C5865D-7059-490F-9257-5517658D73A5}
		{55DC71FE-322F-4B59-8F8E-F5C14ED2B6F4} = {C5E5E9BB-F254-4260-9F14-CD0A9B206CDD}
		{2F27DD33-E65F-4AF2-BC7C-B6FA5DC32C92} = {665B67C8-0515-4550-B248-C5D75DCE314B}
		{44FAB247-A399-4449-8EC5-B80A3FA06901} = {38B4460E-DD35-4845-95EB-93D07D9D2CC1}
		{6580BC72-35F6-4F83-8027-88C870889503} = {C5E5E9BB-F254-4260-9F14-CD0A9B206CDD}
		{9F59CCE7-3C32-4172-AB61-BFFD0DCA5C77} = {A2D7C7B8-4887-41F1-BE4C-AD11AB520927}
		{EA7743BC-1005-4E28-9464-72442BF9E978} = {38B4460E-DD35-4845-95EB-93D07D9D2CC1}
		{71698B8A-B88F-4D3D-A150-1A3F44CBE238} = {A2D7C7B8-4887-41F1-BE4C-AD11AB520927}
		{31B833DE-039D-49CA-B3FB-090C105326D8} = {A8C5865D-7059-490F-9257-5517658D73A5}
		{2ACE0322-F6C6-4F5D-AF9E-7816936BF6EA} = {A2D7C7B8-4887-41F1-BE4C-AD11AB520927}
		{EF010B2A-47B9-471C-8426-4FC35B264907} = {A2D7C7B8-4887-41F1-BE4C-AD11AB520927}
		{154AC43D-C222-4434-8621-A02EB9644183} = {C5E5E9BB-F254-4260-9F14-CD0A9B206CDD}
		{FCEF3A2C-78A2-45FD-9E58-1298309176D6} = {154AC43D-C222-4434-8621-A02EB9644183}
		{8FA43F24-BA6B-41DE-94B5-5DE61BD1F08D} = {A2D7C7B8-4887-41F1-BE4C-AD11AB520927}
		{07DCA53E-A9EE-4F37-82AB-EF42DE0B7893} = {38B4460E-DD35-4845-95EB-93D07D9D2CC1}
		{F9AA762A-0A15-4C6A-ADCB-63BDFFD356E7} = {38B4460E-DD35-4845-95EB-93D07D9D2CC1}
		{F2BF073C-8149-4184-9CB7-780130EC7D0A} = {C5E5E9BB-F254-4260-9F14-CD0A9B206CDD}
		{05BAB291-435E-4E4E-A855-191484E2235F} = {C5E5E9BB-F254-4260-9F14-CD0A9B206CDD}
	EndGlobalSection
	GlobalSection(ExtensibilityGlobals) = postSolution
		SolutionGuid = {16ECB4E9-6035-405C-BE9A-CD3CCF3B196C}
	EndGlobalSection
EndGlobal
